// !$*UTF8*$!
{
	archiveVersion = 1;
	classes = {
	};
	objectVersion = 50;
	objects = {

/* Begin PBXBuildFile section */
		5061F379226F71CA0056E23F /* AppDelegate.swift in Sources */ = {isa = PBXBuildFile; fileRef = 5061F378226F71CA0056E23F /* AppDelegate.swift */; };
		5061F37B226F71CA0056E23F /* ViewController.swift in Sources */ = {isa = PBXBuildFile; fileRef = 5061F37A226F71CA0056E23F /* ViewController.swift */; };
		5061F37E226F71CA0056E23F /* Main.storyboard in Resources */ = {isa = PBXBuildFile; fileRef = 5061F37C226F71CA0056E23F /* Main.storyboard */; };
		5061F380226F71CB0056E23F /* Assets.xcassets in Resources */ = {isa = PBXBuildFile; fileRef = 5061F37F226F71CB0056E23F /* Assets.xcassets */; };
		5061F383226F71CB0056E23F /* LaunchScreen.storyboard in Resources */ = {isa = PBXBuildFile; fileRef = 5061F381226F71CB0056E23F /* LaunchScreen.storyboard */; };
		5061F38F226F71D10056E23F /* AppDelegate.swift in Sources */ = {isa = PBXBuildFile; fileRef = 5061F38E226F71D10056E23F /* AppDelegate.swift */; };
		5061F391226F71D10056E23F /* ViewController.swift in Sources */ = {isa = PBXBuildFile; fileRef = 5061F390226F71D10056E23F /* ViewController.swift */; };
		5061F394226F71D10056E23F /* Main.storyboard in Resources */ = {isa = PBXBuildFile; fileRef = 5061F392226F71D10056E23F /* Main.storyboard */; };
		5061F396226F71D10056E23F /* Assets.xcassets in Resources */ = {isa = PBXBuildFile; fileRef = 5061F395226F71D10056E23F /* Assets.xcassets */; };
		5061F399226F71D10056E23F /* LaunchScreen.storyboard in Resources */ = {isa = PBXBuildFile; fileRef = 5061F397226F71D10056E23F /* LaunchScreen.storyboard */; };
/* End PBXBuildFile section */

/* Begin PBXFileReference section */
		5061F376226F71CA0056E23F /* One.app */ = {isa = PBXFileReference; explicitFileType = wrapper.application; includeInIndex = 0; path = One.app; sourceTree = BUILT_PRODUCTS_DIR; };
		5061F378226F71CA0056E23F /* AppDelegate.swift */ = {isa = PBXFileReference; lastKnownFileType = sourcecode.swift; path = AppDelegate.swift; sourceTree = "<group>"; };
		5061F37A226F71CA0056E23F /* ViewController.swift */ = {isa = PBXFileReference; lastKnownFileType = sourcecode.swift; path = ViewController.swift; sourceTree = "<group>"; };
		5061F37D226F71CA0056E23F /* Base */ = {isa = PBXFileReference; lastKnownFileType = file.storyboard; name = Base; path = Base.lproj/Main.storyboard; sourceTree = "<group>"; };
		5061F37F226F71CB0056E23F /* Assets.xcassets */ = {isa = PBXFileReference; lastKnownFileType = folder.assetcatalog; path = Assets.xcassets; sourceTree = "<group>"; };
		5061F382226F71CB0056E23F /* Base */ = {isa = PBXFileReference; lastKnownFileType = file.storyboard; name = Base; path = Base.lproj/LaunchScreen.storyboard; sourceTree = "<group>"; };
		5061F384226F71CB0056E23F /* Info.plist */ = {isa = PBXFileReference; lastKnownFileType = text.plist.xml; path = Info.plist; sourceTree = "<group>"; };
		5061F38C226F71D10056E23F /* Two.app */ = {isa = PBXFileReference; explicitFileType = wrapper.application; includeInIndex = 0; path = Two.app; sourceTree = BUILT_PRODUCTS_DIR; };
		5061F38E226F71D10056E23F /* AppDelegate.swift */ = {isa = PBXFileReference; lastKnownFileType = sourcecode.swift; path = AppDelegate.swift; sourceTree = "<group>"; };
		5061F390226F71D10056E23F /* ViewController.swift */ = {isa = PBXFileReference; lastKnownFileType = sourcecode.swift; path = ViewController.swift; sourceTree = "<group>"; };
		5061F393226F71D10056E23F /* Base */ = {isa = PBXFileReference; lastKnownFileType = file.storyboard; name = Base; path = Base.lproj/Main.storyboard; sourceTree = "<group>"; };
		5061F395226F71D10056E23F /* Assets.xcassets */ = {isa = PBXFileReference; lastKnownFileType = folder.assetcatalog; path = Assets.xcassets; sourceTree = "<group>"; };
		5061F398226F71D10056E23F /* Base */ = {isa = PBXFileReference; lastKnownFileType = file.storyboard; name = Base; path = Base.lproj/LaunchScreen.storyboard; sourceTree = "<group>"; };
		5061F39A226F71D10056E23F /* Info.plist */ = {isa = PBXFileReference; lastKnownFileType = text.plist.xml; path = Info.plist; sourceTree = "<group>"; };
/* End PBXFileReference section */

/* Begin PBXFrameworksBuildPhase section */
		5061F373226F71CA0056E23F /* Frameworks */ = {
			isa = PBXFrameworksBuildPhase;
			buildActionMask = 2147483647;
			files = (
			);
			runOnlyForDeploymentPostprocessing = 0;
		};
		5061F389226F71D10056E23F /* Frameworks */ = {
			isa = PBXFrameworksBuildPhase;
			buildActionMask = 2147483647;
			files = (
			);
			runOnlyForDeploymentPostprocessing = 0;
		};
/* End PBXFrameworksBuildPhase section */

/* Begin PBXGroup section */
		5061F354226F71860056E23F = {
			isa = PBXGroup;
			children = (
				5061F377226F71CA0056E23F /* One */,
				5061F38D226F71D10056E23F /* Two */,
				5061F35E226F71860056E23F /* Products */,
			);
			sourceTree = "<group>";
		};
		5061F35E226F71860056E23F /* Products */ = {
			isa = PBXGroup;
			children = (
				5061F376226F71CA0056E23F /* One.app */,
				5061F38C226F71D10056E23F /* Two.app */,
			);
			name = Products;
			sourceTree = "<group>";
		};
		5061F377226F71CA0056E23F /* One */ = {
			isa = PBXGroup;
			children = (
				5061F378226F71CA0056E23F /* AppDelegate.swift */,
				5061F37A226F71CA0056E23F /* ViewController.swift */,
				5061F37C226F71CA0056E23F /* Main.storyboard */,
				5061F37F226F71CB0056E23F /* Assets.xcassets */,
				5061F381226F71CB0056E23F /* LaunchScreen.storyboard */,
				5061F384226F71CB0056E23F /* Info.plist */,
			);
			path = One;
			sourceTree = "<group>";
		};
		5061F38D226F71D10056E23F /* Two */ = {
			isa = PBXGroup;
			children = (
				5061F38E226F71D10056E23F /* AppDelegate.swift */,
				5061F390226F71D10056E23F /* ViewController.swift */,
				5061F392226F71D10056E23F /* Main.storyboard */,
				5061F395226F71D10056E23F /* Assets.xcassets */,
				5061F397226F71D10056E23F /* LaunchScreen.storyboard */,
				5061F39A226F71D10056E23F /* Info.plist */,
			);
			path = Two;
			sourceTree = "<group>";
		};
/* End PBXGroup section */

/* Begin PBXNativeTarget section */
		5061F375226F71CA0056E23F /* One */ = {
			isa = PBXNativeTarget;
			buildConfigurationList = 5061F387226F71CB0056E23F /* Build configuration list for PBXNativeTarget "One" */;
			buildPhases = (
				5061F372226F71CA0056E23F /* Sources */,
				5061F373226F71CA0056E23F /* Frameworks */,
				5061F374226F71CA0056E23F /* Resources */,
			);
			buildRules = (
			);
			dependencies = (
			);
			name = One;
			productName = One;
			productReference = 5061F376226F71CA0056E23F /* One.app */;
			productType = "com.apple.product-type.application";
		};
		5061F38B226F71D10056E23F /* Two */ = {
			isa = PBXNativeTarget;
			buildConfigurationList = 5061F39B226F71D10056E23F /* Build configuration list for PBXNativeTarget "Two" */;
			buildPhases = (
				5061F388226F71D10056E23F /* Sources */,
				5061F389226F71D10056E23F /* Frameworks */,
				5061F38A226F71D10056E23F /* Resources */,
			);
			buildRules = (
			);
			dependencies = (
			);
			name = Two;
			productName = Two;
			productReference = 5061F38C226F71D10056E23F /* Two.app */;
			productType = "com.apple.product-type.application";
		};
/* End PBXNativeTarget section */

/* Begin PBXProject section */
		5061F355226F71860056E23F /* Project object */ = {
			isa = PBXProject;
			attributes = {
				LastSwiftUpdateCheck = 1020;
				LastUpgradeCheck = 1020;
				ORGANIZATIONNAME = None;
				TargetAttributes = {
					5061F375226F71CA0056E23F = {
						CreatedOnToolsVersion = 10.2;
					};
					5061F38B226F71D10056E23F = {
						CreatedOnToolsVersion = 10.2;
					};
				};
			};
			buildConfigurationList = 5061F358226F71860056E23F /* Build configuration list for PBXProject "Abstract" */;
			compatibilityVersion = "Xcode 9.3";
			developmentRegion = en;
			hasScannedForEncodings = 0;
			knownRegions = (
				en,
				Base,
			);
			mainGroup = 5061F354226F71860056E23F;
			productRefGroup = 5061F35E226F71860056E23F /* Products */;
			projectDirPath = "";
			projectRoot = "";
			targets = (
				5061F375226F71CA0056E23F /* One */,
				5061F38B226F71D10056E23F /* Two */,
			);
		};
/* End PBXProject section */

/* Begin PBXResourcesBuildPhase section */
		5061F374226F71CA0056E23F /* Resources */ = {
			isa = PBXResourcesBuildPhase;
			buildActionMask = 2147483647;
			files = (
				5061F383226F71CB0056E23F /* LaunchScreen.storyboard in Resources */,
				5061F380226F71CB0056E23F /* Assets.xcassets in Resources */,
				5061F37E226F71CA0056E23F /* Main.storyboard in Resources */,
			);
			runOnlyForDeploymentPostprocessing = 0;
		};
		5061F38A226F71D10056E23F /* Resources */ = {
			isa = PBXResourcesBuildPhase;
			buildActionMask = 2147483647;
			files = (
				5061F399226F71D10056E23F /* LaunchScreen.storyboard in Resources */,
				5061F396226F71D10056E23F /* Assets.xcassets in Resources */,
				5061F394226F71D10056E23F /* Main.storyboard in Resources */,
			);
			runOnlyForDeploymentPostprocessing = 0;
		};
/* End PBXResourcesBuildPhase section */

/* Begin PBXSourcesBuildPhase section */
		5061F372226F71CA0056E23F /* Sources */ = {
			isa = PBXSourcesBuildPhase;
			buildActionMask = 2147483647;
			files = (
				5061F37B226F71CA0056E23F /* ViewController.swift in Sources */,
				5061F379226F71CA0056E23F /* AppDelegate.swift in Sources */,
			);
			runOnlyForDeploymentPostprocessing = 0;
		};
		5061F388226F71D10056E23F /* Sources */ = {
			isa = PBXSourcesBuildPhase;
			buildActionMask = 2147483647;
			files = (
				5061F391226F71D10056E23F /* ViewController.swift in Sources */,
				5061F38F226F71D10056E23F /* AppDelegate.swift in Sources */,
			);
			runOnlyForDeploymentPostprocessing = 0;
		};
/* End PBXSourcesBuildPhase section */

/* Begin PBXVariantGroup section */
		5061F37C226F71CA0056E23F /* Main.storyboard */ = {
			isa = PBXVariantGroup;
			children = (
				5061F37D226F71CA0056E23F /* Base */,
			);
			name = Main.storyboard;
			sourceTree = "<group>";
		};
		5061F381226F71CB0056E23F /* LaunchScreen.storyboard */ = {
			isa = PBXVariantGroup;
			children = (
				5061F382226F71CB0056E23F /* Base */,
			);
			name = LaunchScreen.storyboard;
			sourceTree = "<group>";
		};
		5061F392226F71D10056E23F /* Main.storyboard */ = {
			isa = PBXVariantGroup;
			children = (
				5061F393226F71D10056E23F /* Base */,
			);
			name = Main.storyboard;
			sourceTree = "<group>";
		};
		5061F397226F71D10056E23F /* LaunchScreen.storyboard */ = {
			isa = PBXVariantGroup;
			children = (
				5061F398226F71D10056E23F /* Base */,
			);
			name = LaunchScreen.storyboard;
			sourceTree = "<group>";
		};
/* End PBXVariantGroup section */

/* Begin XCBuildConfiguration section */
		5061F36D226F71870056E23F /* Debug */ = {
			isa = XCBuildConfiguration;
			buildSettings = {
				ALWAYS_SEARCH_USER_PATHS = NO;
				CLANG_ANALYZER_NONNULL = YES;
				CLANG_ANALYZER_NUMBER_OBJECT_CONVERSION = YES_AGGRESSIVE;
				CLANG_CXX_LANGUAGE_STANDARD = "gnu++14";
				CLANG_CXX_LIBRARY = "libc++";
				CLANG_ENABLE_MODULES = YES;
				CLANG_ENABLE_OBJC_ARC = YES;
				CLANG_ENABLE_OBJC_WEAK = YES;
				CLANG_WARN_BLOCK_CAPTURE_AUTORELEASING = YES;
				CLANG_WARN_BOOL_CONVERSION = YES;
				CLANG_WARN_COMMA = YES;
				CLANG_WARN_CONSTANT_CONVERSION = YES;
				CLANG_WARN_DEPRECATED_OBJC_IMPLEMENTATIONS = YES;
				CLANG_WARN_DIRECT_OBJC_ISA_USAGE = YES_ERROR;
				CLANG_WARN_DOCUMENTATION_COMMENTS = YES;
				CLANG_WARN_EMPTY_BODY = YES;
				CLANG_WARN_ENUM_CONVERSION = YES;
				CLANG_WARN_INFINITE_RECURSION = YES;
				CLANG_WARN_INT_CONVERSION = YES;
				CLANG_WARN_NON_LITERAL_NULL_CONVERSION = YES;
				CLANG_WARN_OBJC_IMPLICIT_RETAIN_SELF = YES;
				CLANG_WARN_OBJC_LITERAL_CONVERSION = YES;
				CLANG_WARN_OBJC_ROOT_CLASS = YES_ERROR;
				CLANG_WARN_RANGE_LOOP_ANALYSIS = YES;
				CLANG_WARN_STRICT_PROTOTYPES = YES;
				CLANG_WARN_SUSPICIOUS_MOVE = YES;
				CLANG_WARN_UNGUARDED_AVAILABILITY = YES_AGGRESSIVE;
				CLANG_WARN_UNREACHABLE_CODE = YES;
				CLANG_WARN__DUPLICATE_METHOD_MATCH = YES;
				CODE_SIGN_IDENTITY = "iPhone Developer";
				COPY_PHASE_STRIP = NO;
				DEBUG_INFORMATION_FORMAT = dwarf;
				ENABLE_STRICT_OBJC_MSGSEND = YES;
				ENABLE_TESTABILITY = YES;
				GCC_C_LANGUAGE_STANDARD = gnu11;
				GCC_DYNAMIC_NO_PIC = NO;
				GCC_NO_COMMON_BLOCKS = YES;
				GCC_OPTIMIZATION_LEVEL = 0;
				GCC_PREPROCESSOR_DEFINITIONS = (
					"DEBUG=1",
					"$(inherited)",
				);
				GCC_WARN_64_TO_32_BIT_CONVERSION = YES;
				GCC_WARN_ABOUT_RETURN_TYPE = YES_ERROR;
				GCC_WARN_UNDECLARED_SELECTOR = YES;
				GCC_WARN_UNINITIALIZED_AUTOS = YES_AGGRESSIVE;
				GCC_WARN_UNUSED_FUNCTION = YES;
				GCC_WARN_UNUSED_VARIABLE = YES;
				IPHONEOS_DEPLOYMENT_TARGET = 12.2;
				MTL_ENABLE_DEBUG_INFO = INCLUDE_SOURCE;
				MTL_FAST_MATH = YES;
				ONLY_ACTIVE_ARCH = YES;
				SDKROOT = iphoneos;
				SWIFT_ACTIVE_COMPILATION_CONDITIONS = DEBUG;
				SWIFT_OPTIMIZATION_LEVEL = "-Onone";
			};
			name = Debug;
		};
		5061F36E226F71870056E23F /* Release */ = {
			isa = XCBuildConfiguration;
			buildSettings = {
				ALWAYS_SEARCH_USER_PATHS = NO;
				CLANG_ANALYZER_NONNULL = YES;
				CLANG_ANALYZER_NUMBER_OBJECT_CONVERSION = YES_AGGRESSIVE;
				CLANG_CXX_LANGUAGE_STANDARD = "gnu++14";
				CLANG_CXX_LIBRARY = "libc++";
				CLANG_ENABLE_MODULES = YES;
				CLANG_ENABLE_OBJC_ARC = YES;
				CLANG_ENABLE_OBJC_WEAK = YES;
				CLANG_WARN_BLOCK_CAPTURE_AUTORELEASING = YES;
				CLANG_WARN_BOOL_CONVERSION = YES;
				CLANG_WARN_COMMA = YES;
				CLANG_WARN_CONSTANT_CONVERSION = YES;
				CLANG_WARN_DEPRECATED_OBJC_IMPLEMENTATIONS = YES;
				CLANG_WARN_DIRECT_OBJC_ISA_USAGE = YES_ERROR;
				CLANG_WARN_DOCUMENTATION_COMMENTS = YES;
				CLANG_WARN_EMPTY_BODY = YES;
				CLANG_WARN_ENUM_CONVERSION = YES;
				CLANG_WARN_INFINITE_RECURSION = YES;
				CLANG_WARN_INT_CONVERSION = YES;
				CLANG_WARN_NON_LITERAL_NULL_CONVERSION = YES;
				CLANG_WARN_OBJC_IMPLICIT_RETAIN_SELF = YES;
				CLANG_WARN_OBJC_LITERAL_CONVERSION = YES;
				CLANG_WARN_OBJC_ROOT_CLASS = YES_ERROR;
				CLANG_WARN_RANGE_LOOP_ANALYSIS = YES;
				CLANG_WARN_STRICT_PROTOTYPES = YES;
				CLANG_WARN_SUSPICIOUS_MOVE = YES;
				CLANG_WARN_UNGUARDED_AVAILABILITY = YES_AGGRESSIVE;
				CLANG_WARN_UNREACHABLE_CODE = YES;
				CLANG_WARN__DUPLICATE_METHOD_MATCH = YES;
				CODE_SIGN_IDENTITY = "iPhone Developer";
				COPY_PHASE_STRIP = NO;
				DEBUG_INFORMATION_FORMAT = "dwarf-with-dsym";
				ENABLE_NS_ASSERTIONS = NO;
				ENABLE_STRICT_OBJC_MSGSEND = YES;
				GCC_C_LANGUAGE_STANDARD = gnu11;
				GCC_NO_COMMON_BLOCKS = YES;
				GCC_WARN_64_TO_32_BIT_CONVERSION = YES;
				GCC_WARN_ABOUT_RETURN_TYPE = YES_ERROR;
				GCC_WARN_UNDECLARED_SELECTOR = YES;
				GCC_WARN_UNINITIALIZED_AUTOS = YES_AGGRESSIVE;
				GCC_WARN_UNUSED_FUNCTION = YES;
				GCC_WARN_UNUSED_VARIABLE = YES;
				IPHONEOS_DEPLOYMENT_TARGET = 12.2;
				MTL_ENABLE_DEBUG_INFO = NO;
				MTL_FAST_MATH = YES;
				SDKROOT = iphoneos;
				SWIFT_COMPILATION_MODE = wholemodule;
				SWIFT_OPTIMIZATION_LEVEL = "-O";
				VALIDATE_PRODUCT = YES;
			};
			name = Release;
		};
		5061F385226F71CB0056E23F /* Debug */ = {
			isa = XCBuildConfiguration;
			buildSettings = {
				ASSETCATALOG_COMPILER_APPICON_NAME = AppIcon;
				CODE_SIGN_STYLE = Automatic;
				INFOPLIST_FILE = One/Info.plist;
				LD_RUNPATH_SEARCH_PATHS = (
					"$(inherited)",
					"@executable_path/Frameworks",
				);
				PRODUCT_BUNDLE_IDENTIFIER = com.nothing.One;
				PRODUCT_NAME = "$(TARGET_NAME)";
				SWIFT_VERSION = 5.0;
				TARGETED_DEVICE_FAMILY = "1,2";
			};
			name = Debug;
		};
		5061F386226F71CB0056E23F /* Release */ = {
			isa = XCBuildConfiguration;
			buildSettings = {
				ASSETCATALOG_COMPILER_APPICON_NAME = AppIcon;
				CODE_SIGN_STYLE = Automatic;
				INFOPLIST_FILE = One/Info.plist;
				LD_RUNPATH_SEARCH_PATHS = (
					"$(inherited)",
					"@executable_path/Frameworks",
				);
				PRODUCT_BUNDLE_IDENTIFIER = com.nothing.One;
				PRODUCT_NAME = "$(TARGET_NAME)";
				SWIFT_VERSION = 5.0;
				TARGETED_DEVICE_FAMILY = "1,2";
			};
			name = Release;
		};
		5061F39C226F71D10056E23F /* Debug */ = {
			isa = XCBuildConfiguration;
			buildSettings = {
				ASSETCATALOG_COMPILER_APPICON_NAME = AppIcon;
				CODE_SIGN_STYLE = Automatic;
				INFOPLIST_FILE = Two/Info.plist;
				LD_RUNPATH_SEARCH_PATHS = (
					"$(inherited)",
					"@executable_path/Frameworks",
				);
				PRODUCT_BUNDLE_IDENTIFIER = com.nothing.Two;
				PRODUCT_NAME = "$(TARGET_NAME)";
				SWIFT_VERSION = 5.0;
				TARGETED_DEVICE_FAMILY = "1,2";
			};
			name = Debug;
		};
		5061F39D226F71D10056E23F /* Release */ = {
			isa = XCBuildConfiguration;
			buildSettings = {
				ASSETCATALOG_COMPILER_APPICON_NAME = AppIcon;
				CODE_SIGN_STYLE = Automatic;
				INFOPLIST_FILE = Two/Info.plist;
				LD_RUNPATH_SEARCH_PATHS = (
					"$(inherited)",
					"@executable_path/Frameworks",
				);
				PRODUCT_BUNDLE_IDENTIFIER = com.nothing.Two;
				PRODUCT_NAME = "$(TARGET_NAME)";
				SWIFT_VERSION = 5.0;
				TARGETED_DEVICE_FAMILY = "1,2";
			};
			name = Release;
		};
/* End XCBuildConfiguration section */

/* Begin XCConfigurationList section */
		5061F358226F71860056E23F /* Build configuration list for PBXProject "Abstract" */ = {
			isa = XCConfigurationList;
			buildConfigurations = (
				5061F36D226F71870056E23F /* Debug */,
				5061F36E226F71870056E23F /* Release */,
			);
			defaultConfigurationIsVisible = 0;
			defaultConfigurationName = Release;
		};
		5061F387226F71CB0056E23F /* Build configuration list for PBXNativeTarget "One" */ = {
			isa = XCConfigurationList;
			buildConfigurations = (
				5061F385226F71CB0056E23F /* Debug */,
				5061F386226F71CB0056E23F /* Release */,
			);
			defaultConfigurationIsVisible = 0;
			defaultConfigurationName = Release;
		};
		5061F39B226F71D10056E23F /* Build configuration list for PBXNativeTarget "Two" */ = {
			isa = XCConfigurationList;
			buildConfigurations = (
				5061F39C226F71D10056E23F /* Debug */,
				5061F39D226F71D10056E23F /* Release */,
			);
			defaultConfigurationIsVisible = 0;
			defaultConfigurationName = Release;
		};
/* End XCConfigurationList section */
	};
	rootObject = 5061F355226F71860056E23F /* Project object */;
}
